
Microsoft Visual Studio Solution File, Format Version 12.00
# Visual Studio Version 17
VisualStudioVersion = 17.3.32804.467
MinimumVisualStudioVersion = 10.0.40219.1
Project("{FAE04EC0-301F-11D3-BF4B-00C04F79EFBC}") = "EB-T17_While", "EB-T17_While.csproj", "{A069BB69-CEEE-4FCB-B9AD-20229FC648C8}"
EndProject
Global
	GlobalSection(SolutionConfigurationPlatforms) = preSolution
		Debug|Any CPU = Debug|Any CPU
		Release|Any CPU = Release|Any CPU
	EndGlobalSection
	GlobalSection(ProjectConfigurationPlatforms) = postSolution
		{A069BB69-CEEE-4FCB-B9AD-20229FC648C8}.Debug|Any CPU.ActiveCfg = Debug|Any CPU
		{A069BB69-CEEE-4FCB-B9AD-20229FC648C8}.Debug|Any CPU.Build.0 = Debug|Any CPU
		{A069BB69-CEEE-4FCB-B9AD-20229FC648C8}.Release|Any CPU.ActiveCfg = Release|Any CPU
		{A069BB69-CEEE-4FCB-B9AD-20229FC648C8}.Release|Any CPU.Build.0 = Release|Any CPU
	EndGlobalSection
	GlobalSection(SolutionProperties) = preSolution
		HideSolutionNode = FALSE
	EndGlobalSection
	GlobalSection(ExtensibilityGlobals) = postSolution
		SolutionGuid = {D5CA9FF0-DCB0-4F31-A916-0DA33CF6DF4F}
	EndGlobalSection
EndGlobal
